
Microsoft Visual Studio Solution File, Format Version 12.00
# Visual Studio 15
VisualStudioVersion = 15.0.27004.2005
MinimumVisualStudioVersion = 10.0.40219.1
Project("{FAE04EC0-301F-11D3-BF4B-00C04F79EFBC}") = "ElectionTabulatorFPA", "ElectionTabulatorFPA\ElectionTabulatorFPA.csproj", "{FD1D6D04-DD7F-462A-A7F5-7CA7FF7E6FE4}"
EndProject
Project("{FAE04EC0-301F-11D3-BF4B-00C04F79EFBC}") = "DataBaseObjects", "DataBaseObjects\DataBaseObjects.csproj", "{E50279EC-33A3-49DD-86A7-7A0ED548C294}"
EndProject
Project("{FAE04EC0-301F-11D3-BF4B-00C04F79EFBC}") = "BaseLayerObjects", "BaseLayerObjects\BaseLayerObjects.csproj", "{68E28F12-E4F7-4E1F-B7D8-4290659230F3}"
EndProject
Global
	GlobalSection(SolutionConfigurationPlatforms) = preSolution
		Debug|Any CPU = Debug|Any CPU
		Release|Any CPU = Release|Any CPU
	EndGlobalSection
	GlobalSection(ProjectConfigurationPlatforms) = postSolution
		{FD1D6D04-DD7F-462A-A7F5-7CA7FF7E6FE4}.Debug|Any CPU.ActiveCfg = Debug|Any CPU
		{FD1D6D04-DD7F-462A-A7F5-7CA7FF7E6FE4}.Debug|Any CPU.Build.0 = Debug|Any CPU
		{FD1D6D04-DD7F-462A-A7F5-7CA7FF7E6FE4}.Release|Any CPU.ActiveCfg = Release|Any CPU
		{FD1D6D04-DD7F-462A-A7F5-7CA7FF7E6FE4}.Release|Any CPU.Build.0 = Release|Any CPU
		{E50279EC-33A3-49DD-86A7-7A0ED548C294}.Debug|Any CPU.ActiveCfg = Debug|Any CPU
		{E50279EC-33A3-49DD-86A7-7A0ED548C294}.Debug|Any CPU.Build.0 = Debug|Any CPU
		{E50279EC-33A3-49DD-86A7-7A0ED548C294}.Release|Any CPU.ActiveCfg = Release|Any CPU
		{E50279EC-33A3-49DD-86A7-7A0ED548C294}.Release|Any CPU.Build.0 = Release|Any CPU
		{68E28F12-E4F7-4E1F-B7D8-4290659230F3}.Debug|Any CPU.ActiveCfg = Debug|Any CPU
		{68E28F12-E4F7-4E1F-B7D8-4290659230F3}.Debug|Any CPU.Build.0 = Debug|Any CPU
		{68E28F12-E4F7-4E1F-B7D8-4290659230F3}.Release|Any CPU.ActiveCfg = Release|Any CPU
		{68E28F12-E4F7-4E1F-B7D8-4290659230F3}.Release|Any CPU.Build.0 = Release|Any CPU
	EndGlobalSection
	GlobalSection(SolutionProperties) = preSolution
		HideSolutionNode = FALSE
	EndGlobalSection
	GlobalSection(ExtensibilityGlobals) = postSolution
		SolutionGuid = {42A17080-9C10-4117-8583-DD5E3CC5E115}
	EndGlobalSection
EndGlobal
